
Microsoft Visual Studio Solution File, Format Version 12.00
# Visual Studio Version 17
VisualStudioVersion = 17.6.33829.357
MinimumVisualStudioVersion = 10.0.40219.1
Project("{FAE04EC0-301F-11D3-BF4B-00C04F79EFBC}") = "calc", "calc.csproj", "{944FA98F-863C-4CE4-8AE3-570DF8A14107}"
EndProject
Global
	GlobalSection(SolutionConfigurationPlatforms) = preSolution
		Debug|Any CPU = Debug|Any CPU
		Release|Any CPU = Release|Any CPU
	EndGlobalSection
	GlobalSection(ProjectConfigurationPlatforms) = postSolution
		{944FA98F-863C-4CE4-8AE3-570DF8A14107}.Debug|Any CPU.ActiveCfg = Debug|Any CPU
		{944FA98F-863C-4CE4-8AE3-570DF8A14107}.Debug|Any CPU.Build.0 = Debug|Any CPU
		{944FA98F-863C-4CE4-8AE3-570DF8A14107}.Release|Any CPU.ActiveCfg = Release|Any CPU
		{944FA98F-863C-4CE4-8AE3-570DF8A14107}.Release|Any CPU.Build.0 = Release|Any CPU
	EndGlobalSection
	GlobalSection(SolutionProperties) = preSolution
		HideSolutionNode = FALSE
	EndGlobalSection
	GlobalSection(ExtensibilityGlobals) = postSolution
		SolutionGuid = {6B560005-AFF7-4ADA-AFE2-6D26B4BCB2FD}
	EndGlobalSection
EndGlobal
