
Microsoft Visual Studio Solution File, Format Version 12.00
# Visual Studio Version 17
VisualStudioVersion = 17.6.33829.357
MinimumVisualStudioVersion = 10.0.40219.1
Project("{FAE04EC0-301F-11D3-BF4B-00C04F79EFBC}") = "Лабораторная работа №2", "Лабораторная работа №2.csproj", "{6FA17A34-A998-4A1F-8767-D9F7F4648B0C}"
EndProject
Global
	GlobalSection(SolutionConfigurationPlatforms) = preSolution
		Debug|Any CPU = Debug|Any CPU
		Release|Any CPU = Release|Any CPU
	EndGlobalSection
	GlobalSection(ProjectConfigurationPlatforms) = postSolution
		{6FA17A34-A998-4A1F-8767-D9F7F4648B0C}.Debug|Any CPU.ActiveCfg = Debug|Any CPU
		{6FA17A34-A998-4A1F-8767-D9F7F4648B0C}.Debug|Any CPU.Build.0 = Debug|Any CPU
		{6FA17A34-A998-4A1F-8767-D9F7F4648B0C}.Release|Any CPU.ActiveCfg = Release|Any CPU
		{6FA17A34-A998-4A1F-8767-D9F7F4648B0C}.Release|Any CPU.Build.0 = Release|Any CPU
	EndGlobalSection
	GlobalSection(SolutionProperties) = preSolution
		HideSolutionNode = FALSE
	EndGlobalSection
	GlobalSection(ExtensibilityGlobals) = postSolution
		SolutionGuid = {AC422708-E5F6-4505-A31E-CD00BC6677F8}
	EndGlobalSection
EndGlobal
