
Microsoft Visual Studio Solution File, Format Version 12.00
# Visual Studio Version 17
VisualStudioVersion = 17.7.34031.279
MinimumVisualStudioVersion = 10.0.40219.1
Project("{FAE04EC0-301F-11D3-BF4B-00C04F79EFBC}") = "ConsoleApp1", "ConsoleApp1\ConsoleApp1.csproj", "{E0F73504-1655-4259-874B-8F7F8A1973CD}"
EndProject
Project("{FAE04EC0-301F-11D3-BF4B-00C04F79EFBC}") = "ConsoleApp2", "ConsoleApp2\ConsoleApp2.csproj", "{A3AAA2F9-A0A7-41A4-B476-7E77D9CEE3D1}"
EndProject
Global
	GlobalSection(SolutionConfigurationPlatforms) = preSolution
		Debug|Any CPU = Debug|Any CPU
		Release|Any CPU = Release|Any CPU
	EndGlobalSection
	GlobalSection(ProjectConfigurationPlatforms) = postSolution
		{E0F73504-1655-4259-874B-8F7F8A1973CD}.Debug|Any CPU.ActiveCfg = Debug|Any CPU
		{E0F73504-1655-4259-874B-8F7F8A1973CD}.Debug|Any CPU.Build.0 = Debug|Any CPU
		{E0F73504-1655-4259-874B-8F7F8A1973CD}.Release|Any CPU.ActiveCfg = Release|Any CPU
		{E0F73504-1655-4259-874B-8F7F8A1973CD}.Release|Any CPU.Build.0 = Release|Any CPU
		{A3AAA2F9-A0A7-41A4-B476-7E77D9CEE3D1}.Debug|Any CPU.ActiveCfg = Debug|Any CPU
		{A3AAA2F9-A0A7-41A4-B476-7E77D9CEE3D1}.Debug|Any CPU.Build.0 = Debug|Any CPU
		{A3AAA2F9-A0A7-41A4-B476-7E77D9CEE3D1}.Release|Any CPU.ActiveCfg = Release|Any CPU
		{A3AAA2F9-A0A7-41A4-B476-7E77D9CEE3D1}.Release|Any CPU.Build.0 = Release|Any CPU
	EndGlobalSection
	GlobalSection(SolutionProperties) = preSolution
		HideSolutionNode = FALSE
	EndGlobalSection
	GlobalSection(ExtensibilityGlobals) = postSolution
		SolutionGuid = {DC4DB31E-F473-4FD2-B5F9-75867C7AE363}
	EndGlobalSection
EndGlobal
